
Microsoft Visual Studio Solution File, Format Version 12.00
# Visual Studio Version 16
VisualStudioVersion = 16.0.29009.5
MinimumVisualStudioVersion = 10.0.40219.1
Project("{9A19103F-16F7-4668-BE54-9A1E7A4F7556}") = "AzureWebsite", "AzureWebsite\AzureWebsite.csproj", "{C03F4439-2702-4F17-8A96-98C51630CC43}"
EndProject
Project("{2150E333-8FDC-42A3-9474-1A3956D46DE8}") = "build", "build", "{DBC36CDA-3070-4111-A669-EEA3DCFA712E}"
	ProjectSection(SolutionItems) = preProject
		azure-pipelines.yml = azure-pipelines.yml
		ci.azure-pipelines.yml = ci.azure-pipelines.yml
		version.json = version.json
	EndProjectSection
EndProject
Project("{2150E333-8FDC-42A3-9474-1A3956D46DE8}") = "test", "test", "{DB1EF025-EB30-4983-AF3C-7FA7716CB505}"
EndProject
Project("{9A19103F-16F7-4668-BE54-9A1E7A4F7556}") = "AzureWebsite.Tests", "test\AzureWebsite.Tests\AzureWebsite.Tests.csproj", "{6FBC6B45-DF1C-4F81-8CD8-0DB3B5D53CCA}"
EndProject
Global
	GlobalSection(SolutionConfigurationPlatforms) = preSolution
		Debug|Any CPU = Debug|Any CPU
		Release|Any CPU = Release|Any CPU
	EndGlobalSection
	GlobalSection(ProjectConfigurationPlatforms) = postSolution
		{C03F4439-2702-4F17-8A96-98C51630CC43}.Debug|Any CPU.ActiveCfg = Debug|Any CPU
		{C03F4439-2702-4F17-8A96-98C51630CC43}.Debug|Any CPU.Build.0 = Debug|Any CPU
		{C03F4439-2702-4F17-8A96-98C51630CC43}.Release|Any CPU.ActiveCfg = Release|Any CPU
		{C03F4439-2702-4F17-8A96-98C51630CC43}.Release|Any CPU.Build.0 = Release|Any CPU
		{6FBC6B45-DF1C-4F81-8CD8-0DB3B5D53CCA}.Debug|Any CPU.ActiveCfg = Debug|Any CPU
		{6FBC6B45-DF1C-4F81-8CD8-0DB3B5D53CCA}.Debug|Any CPU.Build.0 = Debug|Any CPU
		{6FBC6B45-DF1C-4F81-8CD8-0DB3B5D53CCA}.Release|Any CPU.ActiveCfg = Release|Any CPU
		{6FBC6B45-DF1C-4F81-8CD8-0DB3B5D53CCA}.Release|Any CPU.Build.0 = Release|Any CPU
	EndGlobalSection
	GlobalSection(SolutionProperties) = preSolution
		HideSolutionNode = FALSE
	EndGlobalSection
	GlobalSection(NestedProjects) = preSolution
		{6FBC6B45-DF1C-4F81-8CD8-0DB3B5D53CCA} = {DB1EF025-EB30-4983-AF3C-7FA7716CB505}
	EndGlobalSection
	GlobalSection(ExtensibilityGlobals) = postSolution
		SolutionGuid = {57682F69-EFAD-4B63-9D89-16C3060E93D3}
	EndGlobalSection
EndGlobal
